// !$*UTF8*$!
{
	archiveVersion = 1;
	classes = {
	};
	objectVersion = 46;
	objects = {

/* Begin PBXBuildFile section */
		DE1DC1401B4C242A005C7978 /* main.m in Sources */ = {isa = PBXBuildFile; fileRef = DE1DC13F1B4C242A005C7978 /* main.m */; };
		DE1DC1431B4C242A005C7978 /* AppDelegate.m in Sources */ = {isa = PBXBuildFile; fileRef = DE1DC1421B4C242A005C7978 /* AppDelegate.m */; };
		DE1DC1461B4C242A005C7978 /* FirstViewController.m in Sources */ = {isa = PBXBuildFile; fileRef = DE1DC1451B4C242A005C7978 /* FirstViewController.m */; };
		DE1DC1491B4C242A005C7978 /* SecondViewController.m in Sources */ = {isa = PBXBuildFile; fileRef = DE1DC1481B4C242A005C7978 /* SecondViewController.m */; };
		DE1DC14C1B4C242A005C7978 /* Main.storyboard in Resources */ = {isa = PBXBuildFile; fileRef = DE1DC14A1B4C242A005C7978 /* Main.storyboard */; };
		DE1DC14E1B4C242A005C7978 /* Assets.xcassets in Resources */ = {isa = PBXBuildFile; fileRef = DE1DC14D1B4C242A005C7978 /* Assets.xcassets */; };
		DE1DC1511B4C242A005C7978 /* LaunchScreen.storyboard in Resources */ = {isa = PBXBuildFile; fileRef = DE1DC14F1B4C242A005C7978 /* LaunchScreen.storyboard */; };
		DE1DC15C1B4C242A005C7978 /* iServerAdminTests.m in Sources */ = {isa = PBXBuildFile; fileRef = DE1DC15B1B4C242A005C7978 /* iServerAdminTests.m */; };
		DE1DC1671B4C242A005C7978 /* iServerAdminUITests.m in Sources */ = {isa = PBXBuildFile; fileRef = DE1DC1661B4C242A005C7978 /* iServerAdminUITests.m */; };
/* End PBXBuildFile section */

/* Begin PBXContainerItemProxy section */
		DE1DC1581B4C242A005C7978 /* PBXContainerItemProxy */ = {
			isa = PBXContainerItemProxy;
			containerPortal = DE1DC1331B4C242A005C7978 /* Project object */;
			proxyType = 1;
			remoteGlobalIDString = DE1DC13A1B4C242A005C7978;
			remoteInfo = iServerAdmin;
		};
		DE1DC1631B4C242A005C7978 /* PBXContainerItemProxy */ = {
			isa = PBXContainerItemProxy;
			containerPortal = DE1DC1331B4C242A005C7978 /* Project object */;
			proxyType = 1;
			remoteGlobalIDString = DE1DC13A1B4C242A005C7978;
			remoteInfo = iServerAdmin;
		};
/* End PBXContainerItemProxy section */

/* Begin PBXFileReference section */
		DE1DC13B1B4C242A005C7978 /* iServerAdmin.app */ = {isa = PBXFileReference; explicitFileType = wrapper.application; includeInIndex = 0; path = iServerAdmin.app; sourceTree = BUILT_PRODUCTS_DIR; };
		DE1DC13F1B4C242A005C7978 /* main.m */ = {isa = PBXFileReference; lastKnownFileType = sourcecode.c.objc; path = main.m; sourceTree = "<group>"; };
		DE1DC1411B4C242A005C7978 /* AppDelegate.h */ = {isa = PBXFileReference; lastKnownFileType = sourcecode.c.h; path = AppDelegate.h; sourceTree = "<group>"; };
		DE1DC1421B4C242A005C7978 /* AppDelegate.m */ = {isa = PBXFileReference; lastKnownFileType = sourcecode.c.objc; path = AppDelegate.m; sourceTree = "<group>"; };
		DE1DC1441B4C242A005C7978 /* FirstViewController.h */ = {isa = PBXFileReference; lastKnownFileType = sourcecode.c.h; path = FirstViewController.h; sourceTree = "<group>"; };
		DE1DC1451B4C242A005C7978 /* FirstViewController.m */ = {isa = PBXFileReference; lastKnownFileType = sourcecode.c.objc; path = FirstViewController.m; sourceTree = "<group>"; };
		DE1DC1471B4C242A005C7978 /* SecondViewController.h */ = {isa = PBXFileReference; lastKnownFileType = sourcecode.c.h; path = SecondViewController.h; sourceTree = "<group>"; };
		DE1DC1481B4C242A005C7978 /* SecondViewController.m */ = {isa = PBXFileReference; lastKnownFileType = sourcecode.c.objc; path = SecondViewController.m; sourceTree = "<group>"; };
		DE1DC14B1B4C242A005C7978 /* Base */ = {isa = PBXFileReference; lastKnownFileType = file.storyboard; name = Base; path = Base.lproj/Main.storyboard; sourceTree = "<group>"; };
		DE1DC14D1B4C242A005C7978 /* Assets.xcassets */ = {isa = PBXFileReference; lastKnownFileType = folder.assetcatalog; path = Assets.xcassets; sourceTree = "<group>"; };
		DE1DC1501B4C242A005C7978 /* Base */ = {isa = PBXFileReference; lastKnownFileType = file.storyboard; name = Base; path = Base.lproj/LaunchScreen.storyboard; sourceTree = "<group>"; };
		DE1DC1521B4C242A005C7978 /* Info.plist */ = {isa = PBXFileReference; lastKnownFileType = text.plist.xml; path = Info.plist; sourceTree = "<group>"; };
		DE1DC1571B4C242A005C7978 /* iServerAdminTests.xctest */ = {isa = PBXFileReference; explicitFileType = wrapper.cfbundle; includeInIndex = 0; path = iServerAdminTests.xctest; sourceTree = BUILT_PRODUCTS_DIR; };
		DE1DC15B1B4C242A005C7978 /* iServerAdminTests.m */ = {isa = PBXFileReference; lastKnownFileType = sourcecode.c.objc; path = iServerAdminTests.m; sourceTree = "<group>"; };
		DE1DC15D1B4C242A005C7978 /* Info.plist */ = {isa = PBXFileReference; lastKnownFileType = text.plist.xml; path = Info.plist; sourceTree = "<group>"; };
		DE1DC1621B4C242A005C7978 /* iServerAdminUITests.xctest */ = {isa = PBXFileReference; explicitFileType = wrapper.cfbundle; includeInIndex = 0; path = iServerAdminUITests.xctest; sourceTree = BUILT_PRODUCTS_DIR; };
		DE1DC1661B4C242A005C7978 /* iServerAdminUITests.m */ = {isa = PBXFileReference; lastKnownFileType = sourcecode.c.objc; path = iServerAdminUITests.m; sourceTree = "<group>"; };
		DE1DC1681B4C242A005C7978 /* Info.plist */ = {isa = PBXFileReference; lastKnownFileType = text.plist.xml; path = Info.plist; sourceTree = "<group>"; };
		DEAAF2181B4C25D000706BCA /* NSString_NSStringExt.h */ = {isa = PBXFileReference; fileEncoding = 4; lastKnownFileType = sourcecode.c.h; name = NSString_NSStringExt.h; path = ../../Resources/NSString_NSStringExt.h; sourceTree = "<group>"; };
/* End PBXFileReference section */

/* Begin PBXFrameworksBuildPhase section */
		DE1DC1381B4C242A005C7978 /* Frameworks */ = {
			isa = PBXFrameworksBuildPhase;
			buildActionMask = 2147483647;
			files = (
			);
			runOnlyForDeploymentPostprocessing = 0;
		};
		DE1DC1541B4C242A005C7978 /* Frameworks */ = {
			isa = PBXFrameworksBuildPhase;
			buildActionMask = 2147483647;
			files = (
			);
			runOnlyForDeploymentPostprocessing = 0;
		};
		DE1DC15F1B4C242A005C7978 /* Frameworks */ = {
			isa = PBXFrameworksBuildPhase;
			buildActionMask = 2147483647;
			files = (
			);
			runOnlyForDeploymentPostprocessing = 0;
		};
/* End PBXFrameworksBuildPhase section */

/* Begin PBXGroup section */
		DE1DC1321B4C242A005C7978 = {
			isa = PBXGroup;
			children = (
				DE1DC13D1B4C242A005C7978 /* iServerAdmin */,
				DE1DC15A1B4C242A005C7978 /* iServerAdminTests */,
				DE1DC1651B4C242A005C7978 /* iServerAdminUITests */,
				DE1DC13C1B4C242A005C7978 /* Products */,
			);
			sourceTree = "<group>";
		};
		DE1DC13C1B4C242A005C7978 /* Products */ = {
			isa = PBXGroup;
			children = (
				DE1DC13B1B4C242A005C7978 /* iServerAdmin.app */,
				DE1DC1571B4C242A005C7978 /* iServerAdminTests.xctest */,
				DE1DC1621B4C242A005C7978 /* iServerAdminUITests.xctest */,
			);
			name = Products;
			sourceTree = "<group>";
		};
		DE1DC13D1B4C242A005C7978 /* iServerAdmin */ = {
			isa = PBXGroup;
			children = (
				DE1DC1411B4C242A005C7978 /* AppDelegate.h */,
				DEAAF2181B4C25D000706BCA /* NSString_NSStringExt.h */,
				DE1DC1421B4C242A005C7978 /* AppDelegate.m */,
				DE1DC1441B4C242A005C7978 /* FirstViewController.h */,
				DE1DC1451B4C242A005C7978 /* FirstViewController.m */,
				DE1DC1471B4C242A005C7978 /* SecondViewController.h */,
				DE1DC1481B4C242A005C7978 /* SecondViewController.m */,
				DE1DC14A1B4C242A005C7978 /* Main.storyboard */,
				DE1DC14D1B4C242A005C7978 /* Assets.xcassets */,
				DE1DC14F1B4C242A005C7978 /* LaunchScreen.storyboard */,
				DE1DC1521B4C242A005C7978 /* Info.plist */,
				DE1DC13E1B4C242A005C7978 /* Supporting Files */,
			);
			path = iServerAdmin;
			sourceTree = "<group>";
		};
		DE1DC13E1B4C242A005C7978 /* Supporting Files */ = {
			isa = PBXGroup;
			children = (
				DE1DC13F1B4C242A005C7978 /* main.m */,
			);
			name = "Supporting Files";
			sourceTree = "<group>";
		};
		DE1DC15A1B4C242A005C7978 /* iServerAdminTests */ = {
			isa = PBXGroup;
			children = (
				DE1DC15B1B4C242A005C7978 /* iServerAdminTests.m */,
				DE1DC15D1B4C242A005C7978 /* Info.plist */,
			);
			path = iServerAdminTests;
			sourceTree = "<group>";
		};
		DE1DC1651B4C242A005C7978 /* iServerAdminUITests */ = {
			isa = PBXGroup;
			children = (
				DE1DC1661B4C242A005C7978 /* iServerAdminUITests.m */,
				DE1DC1681B4C242A005C7978 /* Info.plist */,
			);
			path = iServerAdminUITests;
			sourceTree = "<group>";
		};
/* End PBXGroup section */

/* Begin PBXNativeTarget section */
		DE1DC13A1B4C242A005C7978 /* iServerAdmin */ = {
			isa = PBXNativeTarget;
			buildConfigurationList = DE1DC16B1B4C242A005C7978 /* Build configuration list for PBXNativeTarget "iServerAdmin" */;
			buildPhases = (
				DE1DC1371B4C242A005C7978 /* Sources */,
				DE1DC1381B4C242A005C7978 /* Frameworks */,
				DE1DC1391B4C242A005C7978 /* Resources */,
			);
			buildRules = (
			);
			dependencies = (
			);
			name = iServerAdmin;
			productName = iServerAdmin;
			productReference = DE1DC13B1B4C242A005C7978 /* iServerAdmin.app */;
			productType = "com.apple.product-type.application";
		};
		DE1DC1561B4C242A005C7978 /* iServerAdminTests */ = {
			isa = PBXNativeTarget;
			buildConfigurationList = DE1DC16E1B4C242A005C7978 /* Build configuration list for PBXNativeTarget "iServerAdminTests" */;
			buildPhases = (
				DE1DC1531B4C242A005C7978 /* Sources */,
				DE1DC1541B4C242A005C7978 /* Frameworks */,
				DE1DC1551B4C242A005C7978 /* Resources */,
			);
			buildRules = (
			);
			dependencies = (
				DE1DC1591B4C242A005C7978 /* PBXTargetDependency */,
			);
			name = iServerAdminTests;
			productName = iServerAdminTests;
			productReference = DE1DC1571B4C242A005C7978 /* iServerAdminTests.xctest */;
			productType = "com.apple.product-type.bundle.unit-test";
		};
		DE1DC1611B4C242A005C7978 /* iServerAdminUITests */ = {
			isa = PBXNativeTarget;
			buildConfigurationList = DE1DC1711B4C242A005C7978 /* Build configuration list for PBXNativeTarget "iServerAdminUITests" */;
			buildPhases = (
				DE1DC15E1B4C242A005C7978 /* Sources */,
				DE1DC15F1B4C242A005C7978 /* Frameworks */,
				DE1DC1601B4C242A005C7978 /* Resources */,
			);
			buildRules = (
			);
			dependencies = (
				DE1DC1641B4C242A005C7978 /* PBXTargetDependency */,
			);
			name = iServerAdminUITests;
			productName = iServerAdminUITests;
			productReference = DE1DC1621B4C242A005C7978 /* iServerAdminUITests.xctest */;
			productType = "com.apple.product-type.bundle.ui-testing";
		};
/* End PBXNativeTarget section */

/* Begin PBXProject section */
		DE1DC1331B4C242A005C7978 /* Project object */ = {
			isa = PBXProject;
			attributes = {
				LastUpgradeCheck = 0700;
				ORGANIZATIONNAME = "Wesley de Groot";
				TargetAttributes = {
					DE1DC13A1B4C242A005C7978 = {
						CreatedOnToolsVersion = 7.0;
					};
					DE1DC1561B4C242A005C7978 = {
						CreatedOnToolsVersion = 7.0;
						TestTargetID = DE1DC13A1B4C242A005C7978;
					};
					DE1DC1611B4C242A005C7978 = {
						CreatedOnToolsVersion = 7.0;
						TestTargetID = DE1DC13A1B4C242A005C7978;
					};
				};
			};
			buildConfigurationList = DE1DC1361B4C242A005C7978 /* Build configuration list for PBXProject "iServerAdmin" */;
			compatibilityVersion = "Xcode 3.2";
			developmentRegion = English;
			hasScannedForEncodings = 0;
			knownRegions = (
				en,
				Base,
			);
			mainGroup = DE1DC1321B4C242A005C7978;
			productRefGroup = DE1DC13C1B4C242A005C7978 /* Products */;
			projectDirPath = "";
			projectRoot = "";
			targets = (
				DE1DC13A1B4C242A005C7978 /* iServerAdmin */,
				DE1DC1561B4C242A005C7978 /* iServerAdminTests */,
				DE1DC1611B4C242A005C7978 /* iServerAdminUITests */,
			);
		};
/* End PBXProject section */

/* Begin PBXResourcesBuildPhase section */
		DE1DC1391B4C242A005C7978 /* Resources */ = {
			isa = PBXResourcesBuildPhase;
			buildActionMask = 2147483647;
			files = (
				DE1DC1511B4C242A005C7978 /* LaunchScreen.storyboard in Resources */,
				DE1DC14E1B4C242A005C7978 /* Assets.xcassets in Resources */,
				DE1DC14C1B4C242A005C7978 /* Main.storyboard in Resources */,
			);
			runOnlyForDeploymentPostprocessing = 0;
		};
		DE1DC1551B4C242A005C7978 /* Resources */ = {
			isa = PBXResourcesBuildPhase;
			buildActionMask = 2147483647;
			files = (
			);
			runOnlyForDeploymentPostprocessing = 0;
		};
		DE1DC1601B4C242A005C7978 /* Resources */ = {
			isa = PBXResourcesBuildPhase;
			buildActionMask = 2147483647;
			files = (
			);
			runOnlyForDeploymentPostprocessing = 0;
		};
/* End PBXResourcesBuildPhase section */

/* Begin PBXSourcesBuildPhase section */
		DE1DC1371B4C242A005C7978 /* Sources */ = {
			isa = PBXSourcesBuildPhase;
			buildActionMask = 2147483647;
			files = (
				DE1DC1491B4C242A005C7978 /* SecondViewController.m in Sources */,
				DE1DC1431B4C242A005C7978 /* AppDelegate.m in Sources */,
				DE1DC1461B4C242A005C7978 /* FirstViewController.m in Sources */,
				DE1DC1401B4C242A005C7978 /* main.m in Sources */,
			);
			runOnlyForDeploymentPostprocessing = 0;
		};
		DE1DC1531B4C242A005C7978 /* Sources */ = {
			isa = PBXSourcesBuildPhase;
			buildActionMask = 2147483647;
			files = (
				DE1DC15C1B4C242A005C7978 /* iServerAdminTests.m in Sources */,
			);
			runOnlyForDeploymentPostprocessing = 0;
		};
		DE1DC15E1B4C242A005C7978 /* Sources */ = {
			isa = PBXSourcesBuildPhase;
			buildActionMask = 2147483647;
			files = (
				DE1DC1671B4C242A005C7978 /* iServerAdminUITests.m in Sources */,
			);
			runOnlyForDeploymentPostprocessing = 0;
		};
/* End PBXSourcesBuildPhase section */

/* Begin PBXTargetDependency section */
		DE1DC1591B4C242A005C7978 /* PBXTargetDependency */ = {
			isa = PBXTargetDependency;
			target = DE1DC13A1B4C242A005C7978 /* iServerAdmin */;
			targetProxy = DE1DC1581B4C242A005C7978 /* PBXContainerItemProxy */;
		};
		DE1DC1641B4C242A005C7978 /* PBXTargetDependency */ = {
			isa = PBXTargetDependency;
			target = DE1DC13A1B4C242A005C7978 /* iServerAdmin */;
			targetProxy = DE1DC1631B4C242A005C7978 /* PBXContainerItemProxy */;
		};
/* End PBXTargetDependency section */

/* Begin PBXVariantGroup section */
		DE1DC14A1B4C242A005C7978 /* Main.storyboard */ = {
			isa = PBXVariantGroup;
			children = (
				DE1DC14B1B4C242A005C7978 /* Base */,
			);
			name = Main.storyboard;
			sourceTree = "<group>";
		};
		DE1DC14F1B4C242A005C7978 /* LaunchScreen.storyboard */ = {
			isa = PBXVariantGroup;
			children = (
				DE1DC1501B4C242A005C7978 /* Base */,
			);
			name = LaunchScreen.storyboard;
			sourceTree = "<group>";
		};
/* End PBXVariantGroup section */

/* Begin XCBuildConfiguration section */
		DE1DC1691B4C242A005C7978 /* Debug */ = {
			isa = XCBuildConfiguration;
			buildSettings = {
				ALWAYS_SEARCH_USER_PATHS = NO;
				CLANG_CXX_LANGUAGE_STANDARD = "gnu++0x";
				CLANG_CXX_LIBRARY = "libc++";
				CLANG_ENABLE_MODULES = YES;
				CLANG_ENABLE_OBJC_ARC = YES;
				CLANG_WARN_BOOL_CONVERSION = YES;
				CLANG_WARN_CONSTANT_CONVERSION = YES;
				CLANG_WARN_DIRECT_OBJC_ISA_USAGE = YES_ERROR;
				CLANG_WARN_EMPTY_BODY = YES;
				CLANG_WARN_ENUM_CONVERSION = YES;
				CLANG_WARN_INT_CONVERSION = YES;
				CLANG_WARN_OBJC_ROOT_CLASS = YES_ERROR;
				CLANG_WARN_UNREACHABLE_CODE = YES;
				CLANG_WARN__DUPLICATE_METHOD_MATCH = YES;
				"CODE_SIGN_IDENTITY[sdk=iphoneos*]" = "iPhone Developer";
				COPY_PHASE_STRIP = NO;
				DEBUG_INFORMATION_FORMAT = dwarf;
				ENABLE_STRICT_OBJC_MSGSEND = YES;
				ENABLE_TESTABILITY = YES;
				GCC_C_LANGUAGE_STANDARD = gnu99;
				GCC_DYNAMIC_NO_PIC = NO;
				GCC_NO_COMMON_BLOCKS = YES;
				GCC_OPTIMIZATION_LEVEL = 0;
				GCC_PREPROCESSOR_DEFINITIONS = (
					"DEBUG=1",
					"$(inherited)",
				);
				GCC_WARN_64_TO_32_BIT_CONVERSION = YES;
				GCC_WARN_ABOUT_RETURN_TYPE = YES_ERROR;
				GCC_WARN_UNDECLARED_SELECTOR = YES;
				GCC_WARN_UNINITIALIZED_AUTOS = YES_AGGRESSIVE;
				GCC_WARN_UNUSED_FUNCTION = YES;
				GCC_WARN_UNUSED_VARIABLE = YES;
				IPHONEOS_DEPLOYMENT_TARGET = 9.0;
				MTL_ENABLE_DEBUG_INFO = YES;
				ONLY_ACTIVE_ARCH = YES;
				SDKROOT = iphoneos;
			};
			name = Debug;
		};
		DE1DC16A1B4C242A005C7978 /* Release */ = {
			isa = XCBuildConfiguration;
			buildSettings = {
				ALWAYS_SEARCH_USER_PATHS = NO;
				CLANG_CXX_LANGUAGE_STANDARD = "gnu++0x";
				CLANG_CXX_LIBRARY = "libc++";
				CLANG_ENABLE_MODULES = YES;
				CLANG_ENABLE_OBJC_ARC = YES;
				CLANG_WARN_BOOL_CONVERSION = YES;
				CLANG_WARN_CONSTANT_CONVERSION = YES;
				CLANG_WARN_DIRECT_OBJC_ISA_USAGE = YES_ERROR;
				CLANG_WARN_EMPTY_BODY = YES;
				CLANG_WARN_ENUM_CONVERSION = YES;
				CLANG_WARN_INT_CONVERSION = YES;
				CLANG_WARN_OBJC_ROOT_CLASS = YES_ERROR;
				CLANG_WARN_UNREACHABLE_CODE = YES;
				CLANG_WARN__DUPLICATE_METHOD_MATCH = YES;
				"CODE_SIGN_IDENTITY[sdk=iphoneos*]" = "iPhone Developer";
				COPY_PHASE_STRIP = NO;
				DEBUG_INFORMATION_FORMAT = "dwarf-with-dsym";
				ENABLE_NS_ASSERTIONS = NO;
				ENABLE_STRICT_OBJC_MSGSEND = YES;
				GCC_C_LANGUAGE_STANDARD = gnu99;
				GCC_NO_COMMON_BLOCKS = YES;
				GCC_WARN_64_TO_32_BIT_CONVERSION = YES;
				GCC_WARN_ABOUT_RETURN_TYPE = YES_ERROR;
				GCC_WARN_UNDECLARED_SELECTOR = YES;
				GCC_WARN_UNINITIALIZED_AUTOS = YES_AGGRESSIVE;
				GCC_WARN_UNUSED_FUNCTION = YES;
				GCC_WARN_UNUSED_VARIABLE = YES;
				IPHONEOS_DEPLOYMENT_TARGET = 9.0;
				MTL_ENABLE_DEBUG_INFO = NO;
				SDKROOT = iphoneos;
				VALIDATE_PRODUCT = YES;
			};
			name = Release;
		};
		DE1DC16C1B4C242A005C7978 /* Debug */ = {
			isa = XCBuildConfiguration;
			buildSettings = {
				ASSETCATALOG_COMPILER_APPICON_NAME = AppIcon;
				INFOPLIST_FILE = iServerAdmin/Info.plist;
				LD_RUNPATH_SEARCH_PATHS = "$(inherited) @executable_path/Frameworks";
				PRODUCT_BUNDLE_IDENTIFIER = com.wdgwv.iServerAdmin;
				PRODUCT_NAME = "$(TARGET_NAME)";
			};
			name = Debug;
		};
		DE1DC16D1B4C242A005C7978 /* Release */ = {
			isa = XCBuildConfiguration;
			buildSettings = {
				ASSETCATALOG_COMPILER_APPICON_NAME = AppIcon;
				INFOPLIST_FILE = iServerAdmin/Info.plist;
				LD_RUNPATH_SEARCH_PATHS = "$(inherited) @executable_path/Frameworks";
				PRODUCT_BUNDLE_IDENTIFIER = com.wdgwv.iServerAdmin;
				PRODUCT_NAME = "$(TARGET_NAME)";
			};
			name = Release;
		};
		DE1DC16F1B4C242A005C7978 /* Debug */ = {
			isa = XCBuildConfiguration;
			buildSettings = {
				BUNDLE_LOADER = "$(TEST_HOST)";
				INFOPLIST_FILE = iServerAdminTests/Info.plist;
				LD_RUNPATH_SEARCH_PATHS = "$(inherited) @executable_path/Frameworks @loader_path/Frameworks";
				PRODUCT_BUNDLE_IDENTIFIER = com.wdgwv.iServerAdminTests;
				PRODUCT_NAME = "$(TARGET_NAME)";
				TEST_HOST = "$(BUILT_PRODUCTS_DIR)/iServerAdmin.app/iServerAdmin";
			};
			name = Debug;
		};
		DE1DC1701B4C242A005C7978 /* Release */ = {
			isa = XCBuildConfiguration;
			buildSettings = {
				BUNDLE_LOADER = "$(TEST_HOST)";
				INFOPLIST_FILE = iServerAdminTests/Info.plist;
				LD_RUNPATH_SEARCH_PATHS = "$(inherited) @executable_path/Frameworks @loader_path/Frameworks";
				PRODUCT_BUNDLE_IDENTIFIER = com.wdgwv.iServerAdminTests;
				PRODUCT_NAME = "$(TARGET_NAME)";
				TEST_HOST = "$(BUILT_PRODUCTS_DIR)/iServerAdmin.app/iServerAdmin";
			};
			name = Release;
		};
		DE1DC1721B4C242A005C7978 /* Debug */ = {
			isa = XCBuildConfiguration;
			buildSettings = {
				INFOPLIST_FILE = iServerAdminUITests/Info.plist;
				LD_RUNPATH_SEARCH_PATHS = "$(inherited) @executable_path/Frameworks @loader_path/Frameworks";
				PRODUCT_BUNDLE_IDENTIFIER = com.wdgwv.iServerAdminUITests;
				PRODUCT_NAME = "$(TARGET_NAME)";
				TEST_TARGET_NAME = iServerAdmin;
				USES_XCTRUNNER = YES;
			};
			name = Debug;
		};
		DE1DC1731B4C242A005C7978 /* Release */ = {
			isa = XCBuildConfiguration;
			buildSettings = {
				INFOPLIST_FILE = iServerAdminUITests/Info.plist;
				LD_RUNPATH_SEARCH_PATHS = "$(inherited) @executable_path/Frameworks @loader_path/Frameworks";
				PRODUCT_BUNDLE_IDENTIFIER = com.wdgwv.iServerAdminUITests;
				PRODUCT_NAME = "$(TARGET_NAME)";
				TEST_TARGET_NAME = iServerAdmin;
				USES_XCTRUNNER = YES;
			};
			name = Release;
		};
/* End XCBuildConfiguration section */

/* Begin XCConfigurationList section */
		DE1DC1361B4C242A005C7978 /* Build configuration list for PBXProject "iServerAdmin" */ = {
			isa = XCConfigurationList;
			buildConfigurations = (
				DE1DC1691B4C242A005C7978 /* Debug */,
				DE1DC16A1B4C242A005C7978 /* Release */,
			);
			defaultConfigurationIsVisible = 0;
			defaultConfigurationName = Release;
		};
		DE1DC16B1B4C242A005C7978 /* Build configuration list for PBXNativeTarget "iServerAdmin" */ = {
			isa = XCConfigurationList;
			buildConfigurations = (
				DE1DC16C1B4C242A005C7978 /* Debug */,
				DE1DC16D1B4C242A005C7978 /* Release */,
			);
			defaultConfigurationIsVisible = 0;
			defaultConfigurationName = Release;
		};
		DE1DC16E1B4C242A005C7978 /* Build configuration list for PBXNativeTarget "iServerAdminTests" */ = {
			isa = XCConfigurationList;
			buildConfigurations = (
				DE1DC16F1B4C242A005C7978 /* Debug */,
				DE1DC1701B4C242A005C7978 /* Release */,
			);
			defaultConfigurationIsVisible = 0;
			defaultConfigurationName = Release;
		};
		DE1DC1711B4C242A005C7978 /* Build configuration list for PBXNativeTarget "iServerAdminUITests" */ = {
			isa = XCConfigurationList;
			buildConfigurations = (
				DE1DC1721B4C242A005C7978 /* Debug */,
				DE1DC1731B4C242A005C7978 /* Release */,
			);
			defaultConfigurationIsVisible = 0;
			defaultConfigurationName = Release;
		};
/* End XCConfigurationList section */
	};
	rootObject = DE1DC1331B4C242A005C7978 /* Project object */;
}
